// !$*UTF8*$!
{
	archiveVersion = 1;
	classes = {
	};
	objectVersion = 46;
	objects = {

/* Begin PBXBuildFile section */
		27FDC7911F0E24C70016D57C /* main.m in Sources */ = {isa = PBXBuildFile; fileRef = 27FDC7901F0E24C70016D57C /* main.m */; };
		27FDC79A1F0E24C70016D57C /* Main.storyboard in Resources */ = {isa = PBXBuildFile; fileRef = 27FDC7981F0E24C70016D57C /* Main.storyboard */; };
		27FDC79C1F0E24C70016D57C /* Assets.xcassets in Resources */ = {isa = PBXBuildFile; fileRef = 27FDC79B1F0E24C70016D57C /* Assets.xcassets */; };
		27FDC79F1F0E24C70016D57C /* LaunchScreen.storyboard in Resources */ = {isa = PBXBuildFile; fileRef = 27FDC79D1F0E24C70016D57C /* LaunchScreen.storyboard */; };
		27FDC7AA1F0E24C70016D57C /* systemmapTests.m in Sources */ = {isa = PBXBuildFile; fileRef = 27FDC7A91F0E24C70016D57C /* systemmapTests.m */; };
		27FDC7B51F0E24C70016D57C /* systemmapUITests.m in Sources */ = {isa = PBXBuildFile; fileRef = 27FDC7B41F0E24C70016D57C /* systemmapUITests.m */; };
		27FDC7C81F0E25350016D57C /* ViewController.m in Sources */ = {isa = PBXBuildFile; fileRef = 27FDC7C31F0E25350016D57C /* ViewController.m */; };
		27FDC7C91F0E25350016D57C /* LocationConverter.m in Sources */ = {isa = PBXBuildFile; fileRef = 27FDC7C51F0E25350016D57C /* LocationConverter.m */; };
		27FDC7CA1F0E25350016D57C /* myAnnotation.m in Sources */ = {isa = PBXBuildFile; fileRef = 27FDC7C71F0E25350016D57C /* myAnnotation.m */; };
		27FDC7CD1F0E254B0016D57C /* AppDelegate.m in Sources */ = {isa = PBXBuildFile; fileRef = 27FDC7CC1F0E254B0016D57C /* AppDelegate.m */; };
/* End PBXBuildFile section */

/* Begin PBXContainerItemProxy section */
		27FDC7A61F0E24C70016D57C /* PBXContainerItemProxy */ = {
			isa = PBXContainerItemProxy;
			containerPortal = 27FDC7841F0E24C70016D57C /* Project object */;
			proxyType = 1;
			remoteGlobalIDString = 27FDC78B1F0E24C70016D57C;
			remoteInfo = systemmap;
		};
		27FDC7B11F0E24C70016D57C /* PBXContainerItemProxy */ = {
			isa = PBXContainerItemProxy;
			containerPortal = 27FDC7841F0E24C70016D57C /* Project object */;
			proxyType = 1;
			remoteGlobalIDString = 27FDC78B1F0E24C70016D57C;
			remoteInfo = systemmap;
		};
/* End PBXContainerItemProxy section */

/* Begin PBXFileReference section */
		27FDC78C1F0E24C70016D57C /* systemmap.app */ = {isa = PBXFileReference; explicitFileType = wrapper.application; includeInIndex = 0; path = systemmap.app; sourceTree = BUILT_PRODUCTS_DIR; };
		27FDC7901F0E24C70016D57C /* main.m */ = {isa = PBXFileReference; lastKnownFileType = sourcecode.c.objc; path = main.m; sourceTree = "<group>"; };
		27FDC7921F0E24C70016D57C /* AppDelegate.h */ = {isa = PBXFileReference; lastKnownFileType = sourcecode.c.h; path = AppDelegate.h; sourceTree = "<group>"; };
		27FDC7991F0E24C70016D57C /* Base */ = {isa = PBXFileReference; lastKnownFileType = file.storyboard; name = Base; path = Base.lproj/Main.storyboard; sourceTree = "<group>"; };
		27FDC79B1F0E24C70016D57C /* Assets.xcassets */ = {isa = PBXFileReference; lastKnownFileType = folder.assetcatalog; path = Assets.xcassets; sourceTree = "<group>"; };
		27FDC79E1F0E24C70016D57C /* Base */ = {isa = PBXFileReference; lastKnownFileType = file.storyboard; name = Base; path = Base.lproj/LaunchScreen.storyboard; sourceTree = "<group>"; };
		27FDC7A01F0E24C70016D57C /* Info.plist */ = {isa = PBXFileReference; lastKnownFileType = text.plist.xml; path = Info.plist; sourceTree = "<group>"; };
		27FDC7A51F0E24C70016D57C /* systemmapTests.xctest */ = {isa = PBXFileReference; explicitFileType = wrapper.cfbundle; includeInIndex = 0; path = systemmapTests.xctest; sourceTree = BUILT_PRODUCTS_DIR; };
		27FDC7A91F0E24C70016D57C /* systemmapTests.m */ = {isa = PBXFileReference; lastKnownFileType = sourcecode.c.objc; path = systemmapTests.m; sourceTree = "<group>"; };
		27FDC7AB1F0E24C70016D57C /* Info.plist */ = {isa = PBXFileReference; lastKnownFileType = text.plist.xml; path = Info.plist; sourceTree = "<group>"; };
		27FDC7B01F0E24C70016D57C /* systemmapUITests.xctest */ = {isa = PBXFileReference; explicitFileType = wrapper.cfbundle; includeInIndex = 0; path = systemmapUITests.xctest; sourceTree = BUILT_PRODUCTS_DIR; };
		27FDC7B41F0E24C70016D57C /* systemmapUITests.m */ = {isa = PBXFileReference; lastKnownFileType = sourcecode.c.objc; path = systemmapUITests.m; sourceTree = "<group>"; };
		27FDC7B61F0E24C70016D57C /* Info.plist */ = {isa = PBXFileReference; lastKnownFileType = text.plist.xml; path = Info.plist; sourceTree = "<group>"; };
		27FDC7C21F0E25350016D57C /* ViewController.h */ = {isa = PBXFileReference; fileEncoding = 4; lastKnownFileType = sourcecode.c.h; path = ViewController.h; sourceTree = "<group>"; };
		27FDC7C31F0E25350016D57C /* ViewController.m */ = {isa = PBXFileReference; fileEncoding = 4; lastKnownFileType = sourcecode.c.objc; path = ViewController.m; sourceTree = "<group>"; };
		27FDC7C41F0E25350016D57C /* LocationConverter.h */ = {isa = PBXFileReference; fileEncoding = 4; lastKnownFileType = sourcecode.c.h; path = LocationConverter.h; sourceTree = "<group>"; };
		27FDC7C51F0E25350016D57C /* LocationConverter.m */ = {isa = PBXFileReference; fileEncoding = 4; lastKnownFileType = sourcecode.c.objc; path = LocationConverter.m; sourceTree = "<group>"; };
		27FDC7C61F0E25350016D57C /* myAnnotation.h */ = {isa = PBXFileReference; fileEncoding = 4; lastKnownFileType = sourcecode.c.h; path = myAnnotation.h; sourceTree = "<group>"; };
		27FDC7C71F0E25350016D57C /* myAnnotation.m */ = {isa = PBXFileReference; fileEncoding = 4; lastKnownFileType = sourcecode.c.objc; path = myAnnotation.m; sourceTree = "<group>"; };
		27FDC7CB1F0E253B0016D57C /* Header.h */ = {isa = PBXFileReference; lastKnownFileType = sourcecode.c.h; path = Header.h; sourceTree = "<group>"; };
		27FDC7CC1F0E254B0016D57C /* AppDelegate.m */ = {isa = PBXFileReference; fileEncoding = 4; lastKnownFileType = sourcecode.c.objc; path = AppDelegate.m; sourceTree = "<group>"; };
/* End PBXFileReference section */

/* Begin PBXFrameworksBuildPhase section */
		27FDC7891F0E24C70016D57C /* Frameworks */ = {
			isa = PBXFrameworksBuildPhase;
			buildActionMask = 2147483647;
			files = (
			);
			runOnlyForDeploymentPostprocessing = 0;
		};
		27FDC7A21F0E24C70016D57C /* Frameworks */ = {
			isa = PBXFrameworksBuildPhase;
			buildActionMask = 2147483647;
			files = (
			);
			runOnlyForDeploymentPostprocessing = 0;
		};
		27FDC7AD1F0E24C70016D57C /* Frameworks */ = {
			isa = PBXFrameworksBuildPhase;
			buildActionMask = 2147483647;
			files = (
			);
			runOnlyForDeploymentPostprocessing = 0;
		};
/* End PBXFrameworksBuildPhase section */

/* Begin PBXGroup section */
		27FDC7831F0E24C70016D57C = {
			isa = PBXGroup;
			children = (
				27FDC78E1F0E24C70016D57C /* systemmap */,
				27FDC7A81F0E24C70016D57C /* systemmapTests */,
				27FDC7B31F0E24C70016D57C /* systemmapUITests */,
				27FDC78D1F0E24C70016D57C /* Products */,
			);
			sourceTree = "<group>";
		};
		27FDC78D1F0E24C70016D57C /* Products */ = {
			isa = PBXGroup;
			children = (
				27FDC78C1F0E24C70016D57C /* systemmap.app */,
				27FDC7A51F0E24C70016D57C /* systemmapTests.xctest */,
				27FDC7B01F0E24C70016D57C /* systemmapUITests.xctest */,
			);
			name = Products;
			sourceTree = "<group>";
		};
		27FDC78E1F0E24C70016D57C /* systemmap */ = {
			isa = PBXGroup;
			children = (
				27FDC7921F0E24C70016D57C /* AppDelegate.h */,
				27FDC7CC1F0E254B0016D57C /* AppDelegate.m */,
				27FDC7C21F0E25350016D57C /* ViewController.h */,
				27FDC7C31F0E25350016D57C /* ViewController.m */,
				27FDC7C41F0E25350016D57C /* LocationConverter.h */,
				27FDC7C51F0E25350016D57C /* LocationConverter.m */,
				27FDC7C61F0E25350016D57C /* myAnnotation.h */,
				27FDC7C71F0E25350016D57C /* myAnnotation.m */,
				27FDC7CB1F0E253B0016D57C /* Header.h */,
				27FDC7981F0E24C70016D57C /* Main.storyboard */,
				27FDC79B1F0E24C70016D57C /* Assets.xcassets */,
				27FDC79D1F0E24C70016D57C /* LaunchScreen.storyboard */,
				27FDC7A01F0E24C70016D57C /* Info.plist */,
				27FDC78F1F0E24C70016D57C /* Supporting Files */,
			);
			path = systemmap;
			sourceTree = "<group>";
		};
		27FDC78F1F0E24C70016D57C /* Supporting Files */ = {
			isa = PBXGroup;
			children = (
				27FDC7901F0E24C70016D57C /* main.m */,
			);
			name = "Supporting Files";
			sourceTree = "<group>";
		};
		27FDC7A81F0E24C70016D57C /* systemmapTests */ = {
			isa = PBXGroup;
			children = (
				27FDC7A91F0E24C70016D57C /* systemmapTests.m */,
				27FDC7AB1F0E24C70016D57C /* Info.plist */,
			);
			path = systemmapTests;
			sourceTree = "<group>";
		};
		27FDC7B31F0E24C70016D57C /* systemmapUITests */ = {
			isa = PBXGroup;
			children = (
				27FDC7B41F0E24C70016D57C /* systemmapUITests.m */,
				27FDC7B61F0E24C70016D57C /* Info.plist */,
			);
			path = systemmapUITests;
			sourceTree = "<group>";
		};
/* End PBXGroup section */

/* Begin PBXNativeTarget section */
		27FDC78B1F0E24C70016D57C /* systemmap */ = {
			isa = PBXNativeTarget;
			buildConfigurationList = 27FDC7B91F0E24C70016D57C /* Build configuration list for PBXNativeTarget "systemmap" */;
			buildPhases = (
				27FDC7881F0E24C70016D57C /* Sources */,
				27FDC7891F0E24C70016D57C /* Frameworks */,
				27FDC78A1F0E24C70016D57C /* Resources */,
			);
			buildRules = (
			);
			dependencies = (
			);
			name = systemmap;
			productName = systemmap;
			productReference = 27FDC78C1F0E24C70016D57C /* systemmap.app */;
			productType = "com.apple.product-type.application";
		};
		27FDC7A41F0E24C70016D57C /* systemmapTests */ = {
			isa = PBXNativeTarget;
			buildConfigurationList = 27FDC7BC1F0E24C70016D57C /* Build configuration list for PBXNativeTarget "systemmapTests" */;
			buildPhases = (
				27FDC7A11F0E24C70016D57C /* Sources */,
				27FDC7A21F0E24C70016D57C /* Frameworks */,
				27FDC7A31F0E24C70016D57C /* Resources */,
			);
			buildRules = (
			);
			dependencies = (
				27FDC7A71F0E24C70016D57C /* PBXTargetDependency */,
			);
			name = systemmapTests;
			productName = systemmapTests;
			productReference = 27FDC7A51F0E24C70016D57C /* systemmapTests.xctest */;
			productType = "com.apple.product-type.bundle.unit-test";
		};
		27FDC7AF1F0E24C70016D57C /* systemmapUITests */ = {
			isa = PBXNativeTarget;
			buildConfigurationList = 27FDC7BF1F0E24C70016D57C /* Build configuration list for PBXNativeTarget "systemmapUITests" */;
			buildPhases = (
				27FDC7AC1F0E24C70016D57C /* Sources */,
				27FDC7AD1F0E24C70016D57C /* Frameworks */,
				27FDC7AE1F0E24C70016D57C /* Resources */,
			);
			buildRules = (
			);
			dependencies = (
				27FDC7B21F0E24C70016D57C /* PBXTargetDependency */,
			);
			name = systemmapUITests;
			productName = systemmapUITests;
			productReference = 27FDC7B01F0E24C70016D57C /* systemmapUITests.xctest */;
			productType = "com.apple.product-type.bundle.ui-testing";
		};
/* End PBXNativeTarget section */

/* Begin PBXProject section */
		27FDC7841F0E24C70016D57C /* Project object */ = {
			isa = PBXProject;
			attributes = {
				LastUpgradeCheck = 0830;
				ORGANIZATIONNAME = Plan;
				TargetAttributes = {
					27FDC78B1F0E24C70016D57C = {
						CreatedOnToolsVersion = 8.3.1;
						DevelopmentTeam = HWQF636ATC;
						ProvisioningStyle = Automatic;
					};
					27FDC7A41F0E24C70016D57C = {
						CreatedOnToolsVersion = 8.3.1;
						DevelopmentTeam = HWQF636ATC;
						ProvisioningStyle = Automatic;
						TestTargetID = 27FDC78B1F0E24C70016D57C;
					};
					27FDC7AF1F0E24C70016D57C = {
						CreatedOnToolsVersion = 8.3.1;
						DevelopmentTeam = HWQF636ATC;
						ProvisioningStyle = Automatic;
						TestTargetID = 27FDC78B1F0E24C70016D57C;
					};
				};
			};
			buildConfigurationList = 27FDC7871F0E24C70016D57C /* Build configuration list for PBXProject "systemmap" */;
			compatibilityVersion = "Xcode 3.2";
			developmentRegion = English;
			hasScannedForEncodings = 0;
			knownRegions = (
				en,
				Base,
			);
			mainGroup = 27FDC7831F0E24C70016D57C;
			productRefGroup = 27FDC78D1F0E24C70016D57C /* Products */;
			projectDirPath = "";
			projectRoot = "";
			targets = (
				27FDC78B1F0E24C70016D57C /* systemmap */,
				27FDC7A41F0E24C70016D57C /* systemmapTests */,
				27FDC7AF1F0E24C70016D57C /* systemmapUITests */,
			);
		};
/* End PBXProject section */

/* Begin PBXResourcesBuildPhase section */
		27FDC78A1F0E24C70016D57C /* Resources */ = {
			isa = PBXResourcesBuildPhase;
			buildActionMask = 2147483647;
			files = (
				27FDC79F1F0E24C70016D57C /* LaunchScreen.storyboard in Resources */,
				27FDC79C1F0E24C70016D57C /* Assets.xcassets in Resources */,
				27FDC79A1F0E24C70016D57C /* Main.storyboard in Resources */,
			);
			runOnlyForDeploymentPostprocessing = 0;
		};
		27FDC7A31F0E24C70016D57C /* Resources */ = {
			isa = PBXResourcesBuildPhase;
			buildActionMask = 2147483647;
			files = (
			);
			runOnlyForDeploymentPostprocessing = 0;
		};
		27FDC7AE1F0E24C70016D57C /* Resources */ = {
			isa = PBXResourcesBuildPhase;
			buildActionMask = 2147483647;
			files = (
			);
			runOnlyForDeploymentPostprocessing = 0;
		};
/* End PBXResourcesBuildPhase section */

/* Begin PBXSourcesBuildPhase section */
		27FDC7881F0E24C70016D57C /* Sources */ = {
			isa = PBXSourcesBuildPhase;
			buildActionMask = 2147483647;
			files = (
				27FDC7C81F0E25350016D57C /* ViewController.m in Sources */,
				27FDC7CA1F0E25350016D57C /* myAnnotation.m in Sources */,
				27FDC7911F0E24C70016D57C /* main.m in Sources */,
				27FDC7C91F0E25350016D57C /* LocationConverter.m in Sources */,
				27FDC7CD1F0E254B0016D57C /* AppDelegate.m in Sources */,
			);
			runOnlyForDeploymentPostprocessing = 0;
		};
		27FDC7A11F0E24C70016D57C /* Sources */ = {
			isa = PBXSourcesBuildPhase;
			buildActionMask = 2147483647;
			files = (
				27FDC7AA1F0E24C70016D57C /* systemmapTests.m in Sources */,
			);
			runOnlyForDeploymentPostprocessing = 0;
		};
		27FDC7AC1F0E24C70016D57C /* Sources */ = {
			isa = PBXSourcesBuildPhase;
			buildActionMask = 2147483647;
			files = (
				27FDC7B51F0E24C70016D57C /* systemmapUITests.m in Sources */,
			);
			runOnlyForDeploymentPostprocessing = 0;
		};
/* End PBXSourcesBuildPhase section */

/* Begin PBXTargetDependency section */
		27FDC7A71F0E24C70016D57C /* PBXTargetDependency */ = {
			isa = PBXTargetDependency;
			target = 27FDC78B1F0E24C70016D57C /* systemmap */;
			targetProxy = 27FDC7A61F0E24C70016D57C /* PBXContainerItemProxy */;
		};
		27FDC7B21F0E24C70016D57C /* PBXTargetDependency */ = {
			isa = PBXTargetDependency;
			target = 27FDC78B1F0E24C70016D57C /* systemmap */;
			targetProxy = 27FDC7B11F0E24C70016D57C /* PBXContainerItemProxy */;
		};
/* End PBXTargetDependency section */

/* Begin PBXVariantGroup section */
		27FDC7981F0E24C70016D57C /* Main.storyboard */ = {
			isa = PBXVariantGroup;
			children = (
				27FDC7991F0E24C70016D57C /* Base */,
			);
			name = Main.storyboard;
			sourceTree = "<group>";
		};
		27FDC79D1F0E24C70016D57C /* LaunchScreen.storyboard */ = {
			isa = PBXVariantGroup;
			children = (
				27FDC79E1F0E24C70016D57C /* Base */,
			);
			name = LaunchScreen.storyboard;
			sourceTree = "<group>";
		};
/* End PBXVariantGroup section */

/* Begin XCBuildConfiguration section */
		27FDC7B71F0E24C70016D57C /* Debug */ = {
			isa = XCBuildConfiguration;
			buildSettings = {
				ALWAYS_SEARCH_USER_PATHS = NO;
				CLANG_ANALYZER_NONNULL = YES;
				CLANG_ANALYZER_NUMBER_OBJECT_CONVERSION = YES_AGGRESSIVE;
				CLANG_CXX_LANGUAGE_STANDARD = "gnu++0x";
				CLANG_CXX_LIBRARY = "libc++";
				CLANG_ENABLE_MODULES = YES;
				CLANG_ENABLE_OBJC_ARC = YES;
				CLANG_WARN_BOOL_CONVERSION = YES;
				CLANG_WARN_CONSTANT_CONVERSION = YES;
				CLANG_WARN_DIRECT_OBJC_ISA_USAGE = YES_ERROR;
				CLANG_WARN_DOCUMENTATION_COMMENTS = YES;
				CLANG_WARN_EMPTY_BODY = YES;
				CLANG_WARN_ENUM_CONVERSION = YES;
				CLANG_WARN_INFINITE_RECURSION = YES;
				CLANG_WARN_INT_CONVERSION = YES;
				CLANG_WARN_OBJC_ROOT_CLASS = YES_ERROR;
				CLANG_WARN_SUSPICIOUS_MOVE = YES;
				CLANG_WARN_UNREACHABLE_CODE = YES;
				CLANG_WARN__DUPLICATE_METHOD_MATCH = YES;
				"CODE_SIGN_IDENTITY[sdk=iphoneos*]" = "iPhone Developer";
				COPY_PHASE_STRIP = NO;
				DEBUG_INFORMATION_FORMAT = dwarf;
				ENABLE_STRICT_OBJC_MSGSEND = YES;
				ENABLE_TESTABILITY = YES;
				GCC_C_LANGUAGE_STANDARD = gnu99;
				GCC_DYNAMIC_NO_PIC = NO;
				GCC_NO_COMMON_BLOCKS = YES;
				GCC_OPTIMIZATION_LEVEL = 0;
				GCC_PREPROCESSOR_DEFINITIONS = (
					"DEBUG=1",
					"$(inherited)",
				);
				GCC_WARN_64_TO_32_BIT_CONVERSION = YES;
				GCC_WARN_ABOUT_RETURN_TYPE = YES_ERROR;
				GCC_WARN_UNDECLARED_SELECTOR = YES;
				GCC_WARN_UNINITIALIZED_AUTOS = YES_AGGRESSIVE;
				GCC_WARN_UNUSED_FUNCTION = YES;
				GCC_WARN_UNUSED_VARIABLE = YES;
				IPHONEOS_DEPLOYMENT_TARGET = 10.3;
				MTL_ENABLE_DEBUG_INFO = YES;
				ONLY_ACTIVE_ARCH = YES;
				SDKROOT = iphoneos;
				TARGETED_DEVICE_FAMILY = "1,2";
			};
			name = Debug;
		};
		27FDC7B81F0E24C70016D57C /* Release */ = {
			isa = XCBuildConfiguration;
			buildSettings = {
				ALWAYS_SEARCH_USER_PATHS = NO;
				CLANG_ANALYZER_NONNULL = YES;
				CLANG_ANALYZER_NUMBER_OBJECT_CONVERSION = YES_AGGRESSIVE;
				CLANG_CXX_LANGUAGE_STANDARD = "gnu++0x";
				CLANG_CXX_LIBRARY = "libc++";
				CLANG_ENABLE_MODULES = YES;
				CLANG_ENABLE_OBJC_ARC = YES;
				CLANG_WARN_BOOL_CONVERSION = YES;
				CLANG_WARN_CONSTANT_CONVERSION = YES;
				CLANG_WARN_DIRECT_OBJC_ISA_USAGE = YES_ERROR;
				CLANG_WARN_DOCUMENTATION_COMMENTS = YES;
				CLANG_WARN_EMPTY_BODY = YES;
				CLANG_WARN_ENUM_CONVERSION = YES;
				CLANG_WARN_INFINITE_RECURSION = YES;
				CLANG_WARN_INT_CONVERSION = YES;
				CLANG_WARN_OBJC_ROOT_CLASS = YES_ERROR;
				CLANG_WARN_SUSPICIOUS_MOVE = YES;
				CLANG_WARN_UNREACHABLE_CODE = YES;
				CLANG_WARN__DUPLICATE_METHOD_MATCH = YES;
				"CODE_SIGN_IDENTITY[sdk=iphoneos*]" = "iPhone Developer";
				COPY_PHASE_STRIP = NO;
				DEBUG_INFORMATION_FORMAT = "dwarf-with-dsym";
				ENABLE_NS_ASSERTIONS = NO;
				ENABLE_STRICT_OBJC_MSGSEND = YES;
				GCC_C_LANGUAGE_STANDARD = gnu99;
				GCC_NO_COMMON_BLOCKS = YES;
				GCC_WARN_64_TO_32_BIT_CONVERSION = YES;
				GCC_WARN_ABOUT_RETURN_TYPE = YES_ERROR;
				GCC_WARN_UNDECLARED_SELECTOR = YES;
				GCC_WARN_UNINITIALIZED_AUTOS = YES_AGGRESSIVE;
				GCC_WARN_UNUSED_FUNCTION = YES;
				GCC_WARN_UNUSED_VARIABLE = YES;
				IPHONEOS_DEPLOYMENT_TARGET = 10.3;
				MTL_ENABLE_DEBUG_INFO = NO;
				SDKROOT = iphoneos;
				TARGETED_DEVICE_FAMILY = "1,2";
				VALIDATE_PRODUCT = YES;
			};
			name = Release;
		};
		27FDC7BA1F0E24C70016D57C /* Debug */ = {
			isa = XCBuildConfiguration;
			buildSettings = {
				ASSETCATALOG_COMPILER_APPICON_NAME = AppIcon;
				DEVELOPMENT_TEAM = HWQF636ATC;
				INFOPLIST_FILE = systemmap/Info.plist;
				IPHONEOS_DEPLOYMENT_TARGET = 8.0;
				LD_RUNPATH_SEARCH_PATHS = "$(inherited) @executable_path/Frameworks";
				PRODUCT_BUNDLE_IDENTIFIER = com.Plan.systemmap;
				PRODUCT_NAME = "$(TARGET_NAME)";
			};
			name = Debug;
		};
		27FDC7BB1F0E24C70016D57C /* Release */ = {
			isa = XCBuildConfiguration;
			buildSettings = {
				ASSETCATALOG_COMPILER_APPICON_NAME = AppIcon;
				DEVELOPMENT_TEAM = HWQF636ATC;
				INFOPLIST_FILE = systemmap/Info.plist;
				IPHONEOS_DEPLOYMENT_TARGET = 8.0;
				LD_RUNPATH_SEARCH_PATHS = "$(inherited) @executable_path/Frameworks";
				PRODUCT_BUNDLE_IDENTIFIER = com.Plan.systemmap;
				PRODUCT_NAME = "$(TARGET_NAME)";
			};
			name = Release;
		};
		27FDC7BD1F0E24C70016D57C /* Debug */ = {
			isa = XCBuildConfiguration;
			buildSettings = {
				BUNDLE_LOADER = "$(TEST_HOST)";
				DEVELOPMENT_TEAM = HWQF636ATC;
				INFOPLIST_FILE = systemmapTests/Info.plist;
				LD_RUNPATH_SEARCH_PATHS = "$(inherited) @executable_path/Frameworks @loader_path/Frameworks";
				PRODUCT_BUNDLE_IDENTIFIER = com.Plan.systemmapTests;
				PRODUCT_NAME = "$(TARGET_NAME)";
				TEST_HOST = "$(BUILT_PRODUCTS_DIR)/systemmap.app/systemmap";
			};
			name = Debug;
		};
		27FDC7BE1F0E24C70016D57C /* Release */ = {
			isa = XCBuildConfiguration;
			buildSettings = {
				BUNDLE_LOADER = "$(TEST_HOST)";
				DEVELOPMENT_TEAM = HWQF636ATC;
				INFOPLIST_FILE = systemmapTests/Info.plist;
				LD_RUNPATH_SEARCH_PATHS = "$(inherited) @executable_path/Frameworks @loader_path/Frameworks";
				PRODUCT_BUNDLE_IDENTIFIER = com.Plan.systemmapTests;
				PRODUCT_NAME = "$(TARGET_NAME)";
				TEST_HOST = "$(BUILT_PRODUCTS_DIR)/systemmap.app/systemmap";
			};
			name = Release;
		};
		27FDC7C01F0E24C70016D57C /* Debug */ = {
			isa = XCBuildConfiguration;
			buildSettings = {
				DEVELOPMENT_TEAM = HWQF636ATC;
				INFOPLIST_FILE = systemmapUITests/Info.plist;
				LD_RUNPATH_SEARCH_PATHS = "$(inherited) @executable_path/Frameworks @loader_path/Frameworks";
				PRODUCT_BUNDLE_IDENTIFIER = com.Plan.systemmapUITests;
				PRODUCT_NAME = "$(TARGET_NAME)";
				TEST_TARGET_NAME = systemmap;
			};
			name = Debug;
		};
		27FDC7C11F0E24C70016D57C /* Release */ = {
			isa = XCBuildConfiguration;
			buildSettings = {
				DEVELOPMENT_TEAM = HWQF636ATC;
				INFOPLIST_FILE = systemmapUITests/Info.plist;
				LD_RUNPATH_SEARCH_PATHS = "$(inherited) @executable_path/Frameworks @loader_path/Frameworks";
				PRODUCT_BUNDLE_IDENTIFIER = com.Plan.systemmapUITests;
				PRODUCT_NAME = "$(TARGET_NAME)";
				TEST_TARGET_NAME = systemmap;
			};
			name = Release;
		};
/* End XCBuildConfiguration section */

/* Begin XCConfigurationList section */
		27FDC7871F0E24C70016D57C /* Build configuration list for PBXProject "systemmap" */ = {
			isa = XCConfigurationList;
			buildConfigurations = (
				27FDC7B71F0E24C70016D57C /* Debug */,
				27FDC7B81F0E24C70016D57C /* Release */,
			);
			defaultConfigurationIsVisible = 0;
			defaultConfigurationName = Release;
		};
		27FDC7B91F0E24C70016D57C /* Build configuration list for PBXNativeTarget "systemmap" */ = {
			isa = XCConfigurationList;
			buildConfigurations = (
				27FDC7BA1F0E24C70016D57C /* Debug */,
				27FDC7BB1F0E24C70016D57C /* Release */,
			);
			defaultConfigurationIsVisible = 0;
			defaultConfigurationName = Release;
		};
		27FDC7BC1F0E24C70016D57C /* Build configuration list for PBXNativeTarget "systemmapTests" */ = {
			isa = XCConfigurationList;
			buildConfigurations = (
				27FDC7BD1F0E24C70016D57C /* Debug */,
				27FDC7BE1F0E24C70016D57C /* Release */,
			);
			defaultConfigurationIsVisible = 0;
			defaultConfigurationName = Release;
		};
		27FDC7BF1F0E24C70016D57C /* Build configuration list for PBXNativeTarget "systemmapUITests" */ = {
			isa = XCConfigurationList;
			buildConfigurations = (
				27FDC7C01F0E24C70016D57C /* Debug */,
				27FDC7C11F0E24C70016D57C /* Release */,
			);
			defaultConfigurationIsVisible = 0;
			defaultConfigurationName = Release;
		};
/* End XCConfigurationList section */
	};
	rootObject = 27FDC7841F0E24C70016D57C /* Project object */;
}
